
Microsoft Visual Studio Solution File, Format Version 12.00
# Visual Studio Version 16
VisualStudioVersion = 16.0.29123.88
MinimumVisualStudioVersion = 10.0.40219.1
Project("{FAE04EC0-301F-11D3-BF4B-00C04F79EFBC}") = "ExConjuntoFix", "ExConjuntoFix\ExConjuntoFix.csproj", "{D00E831C-7181-42A7-B007-E34D2C912864}"
EndProject
Global
	GlobalSection(SolutionConfigurationPlatforms) = preSolution
		Debug|Any CPU = Debug|Any CPU
		Release|Any CPU = Release|Any CPU
	EndGlobalSection
	GlobalSection(ProjectConfigurationPlatforms) = postSolution
		{D00E831C-7181-42A7-B007-E34D2C912864}.Debug|Any CPU.ActiveCfg = Debug|Any CPU
		{D00E831C-7181-42A7-B007-E34D2C912864}.Debug|Any CPU.Build.0 = Debug|Any CPU
		{D00E831C-7181-42A7-B007-E34D2C912864}.Release|Any CPU.ActiveCfg = Release|Any CPU
		{D00E831C-7181-42A7-B007-E34D2C912864}.Release|Any CPU.Build.0 = Release|Any CPU
	EndGlobalSection
	GlobalSection(SolutionProperties) = preSolution
		HideSolutionNode = FALSE
	EndGlobalSection
	GlobalSection(ExtensibilityGlobals) = postSolution
		SolutionGuid = {172426F2-C349-4FB7-B022-225DFCB2F163}
	EndGlobalSection
EndGlobal
