
Microsoft Visual Studio Solution File, Format Version 12.00
# Visual Studio Version 16
VisualStudioVersion = 16.0.29009.5
MinimumVisualStudioVersion = 10.0.40219.1
Project("{FAE04EC0-301F-11D3-BF4B-00C04F79EFBC}") = "conversor", "conversor\conversor.csproj", "{EAF1E3FA-EAF7-479D-8B61-9375E24060DF}"
EndProject
Global
	GlobalSection(SolutionConfigurationPlatforms) = preSolution
		Debug|Any CPU = Debug|Any CPU
		Release|Any CPU = Release|Any CPU
	EndGlobalSection
	GlobalSection(ProjectConfigurationPlatforms) = postSolution
		{EAF1E3FA-EAF7-479D-8B61-9375E24060DF}.Debug|Any CPU.ActiveCfg = Debug|Any CPU
		{EAF1E3FA-EAF7-479D-8B61-9375E24060DF}.Debug|Any CPU.Build.0 = Debug|Any CPU
		{EAF1E3FA-EAF7-479D-8B61-9375E24060DF}.Release|Any CPU.ActiveCfg = Release|Any CPU
		{EAF1E3FA-EAF7-479D-8B61-9375E24060DF}.Release|Any CPU.Build.0 = Release|Any CPU
	EndGlobalSection
	GlobalSection(SolutionProperties) = preSolution
		HideSolutionNode = FALSE
	EndGlobalSection
	GlobalSection(ExtensibilityGlobals) = postSolution
		SolutionGuid = {2D994C9B-332A-4A86-97FD-7413AF1AC9FF}
	EndGlobalSection
EndGlobal
