
Microsoft Visual Studio Solution File, Format Version 12.00
# Visual Studio Version 16
VisualStudioVersion = 16.0.29728.190
MinimumVisualStudioVersion = 10.0.40219.1
Project("{FAE04EC0-301F-11D3-BF4B-00C04F79EFBC}") = "ExercicioStringBuilder", "ExercicioStringBuilder\ExercicioStringBuilder.csproj", "{722A1EB2-D81A-4218-8E62-0B41EB98BC15}"
EndProject
Global
	GlobalSection(SolutionConfigurationPlatforms) = preSolution
		Debug|Any CPU = Debug|Any CPU
		Release|Any CPU = Release|Any CPU
	EndGlobalSection
	GlobalSection(ProjectConfigurationPlatforms) = postSolution
		{722A1EB2-D81A-4218-8E62-0B41EB98BC15}.Debug|Any CPU.ActiveCfg = Debug|Any CPU
		{722A1EB2-D81A-4218-8E62-0B41EB98BC15}.Debug|Any CPU.Build.0 = Debug|Any CPU
		{722A1EB2-D81A-4218-8E62-0B41EB98BC15}.Release|Any CPU.ActiveCfg = Release|Any CPU
		{722A1EB2-D81A-4218-8E62-0B41EB98BC15}.Release|Any CPU.Build.0 = Release|Any CPU
	EndGlobalSection
	GlobalSection(SolutionProperties) = preSolution
		HideSolutionNode = FALSE
	EndGlobalSection
	GlobalSection(ExtensibilityGlobals) = postSolution
		SolutionGuid = {C66B428B-D21C-430F-B686-E420476F29C7}
	EndGlobalSection
EndGlobal
