
Microsoft Visual Studio Solution File, Format Version 12.00
# Visual Studio Version 16
VisualStudioVersion = 16.0.29123.88
MinimumVisualStudioVersion = 10.0.40219.1
Project("{FAE04EC0-301F-11D3-BF4B-00C04F79EFBC}") = "ExFixMatriz", "ExFixMatriz\ExFixMatriz.csproj", "{EB24CDC7-9E6E-4159-9310-3432C6D7F177}"
EndProject
Global
	GlobalSection(SolutionConfigurationPlatforms) = preSolution
		Debug|Any CPU = Debug|Any CPU
		Release|Any CPU = Release|Any CPU
	EndGlobalSection
	GlobalSection(ProjectConfigurationPlatforms) = postSolution
		{EB24CDC7-9E6E-4159-9310-3432C6D7F177}.Debug|Any CPU.ActiveCfg = Debug|Any CPU
		{EB24CDC7-9E6E-4159-9310-3432C6D7F177}.Debug|Any CPU.Build.0 = Debug|Any CPU
		{EB24CDC7-9E6E-4159-9310-3432C6D7F177}.Release|Any CPU.ActiveCfg = Release|Any CPU
		{EB24CDC7-9E6E-4159-9310-3432C6D7F177}.Release|Any CPU.Build.0 = Release|Any CPU
	EndGlobalSection
	GlobalSection(SolutionProperties) = preSolution
		HideSolutionNode = FALSE
	EndGlobalSection
	GlobalSection(ExtensibilityGlobals) = postSolution
		SolutionGuid = {C2DA5AFF-1B1F-47CC-BAEF-8FA43E64FCA8}
	EndGlobalSection
EndGlobal
