
Microsoft Visual Studio Solution File, Format Version 12.00
# Visual Studio Version 16
VisualStudioVersion = 16.0.28922.388
MinimumVisualStudioVersion = 10.0.40219.1
Project("{9A19103F-16F7-4668-BE54-9A1E7A4F7556}") = "ConsoleApp1", "ConsoleApp1\ConsoleApp1.csproj", "{BFF6787A-8039-4005-AACB-307CC6BD59D7}"
EndProject
Project("{9A19103F-16F7-4668-BE54-9A1E7A4F7556}") = "exerciccio2", "..\exerciccio2\exerciccio2\exerciccio2.csproj", "{BA8B42BE-DD75-472D-A981-6277CABB2AB2}"
EndProject
Global
	GlobalSection(SolutionConfigurationPlatforms) = preSolution
		Debug|Any CPU = Debug|Any CPU
		Release|Any CPU = Release|Any CPU
	EndGlobalSection
	GlobalSection(ProjectConfigurationPlatforms) = postSolution
		{BFF6787A-8039-4005-AACB-307CC6BD59D7}.Debug|Any CPU.ActiveCfg = Debug|Any CPU
		{BFF6787A-8039-4005-AACB-307CC6BD59D7}.Debug|Any CPU.Build.0 = Debug|Any CPU
		{BFF6787A-8039-4005-AACB-307CC6BD59D7}.Release|Any CPU.ActiveCfg = Release|Any CPU
		{BFF6787A-8039-4005-AACB-307CC6BD59D7}.Release|Any CPU.Build.0 = Release|Any CPU
		{BA8B42BE-DD75-472D-A981-6277CABB2AB2}.Debug|Any CPU.ActiveCfg = Debug|Any CPU
		{BA8B42BE-DD75-472D-A981-6277CABB2AB2}.Debug|Any CPU.Build.0 = Debug|Any CPU
		{BA8B42BE-DD75-472D-A981-6277CABB2AB2}.Release|Any CPU.ActiveCfg = Release|Any CPU
		{BA8B42BE-DD75-472D-A981-6277CABB2AB2}.Release|Any CPU.Build.0 = Release|Any CPU
	EndGlobalSection
	GlobalSection(SolutionProperties) = preSolution
		HideSolutionNode = FALSE
	EndGlobalSection
	GlobalSection(ExtensibilityGlobals) = postSolution
		SolutionGuid = {7C377436-C9C3-499E-803E-67F67067EDCB}
	EndGlobalSection
EndGlobal
