
Microsoft Visual Studio Solution File, Format Version 12.00
# Visual Studio Version 16
VisualStudioVersion = 16.0.28922.388
MinimumVisualStudioVersion = 10.0.40219.1
Project("{FAE04EC0-301F-11D3-BF4B-00C04F79EFBC}") = "Cadastro", "Cadastro\Cadastro.csproj", "{E45F2675-E2B9-4989-A6A6-EC421A0D69C8}"
EndProject
Global
	GlobalSection(SolutionConfigurationPlatforms) = preSolution
		Debug|Any CPU = Debug|Any CPU
		Release|Any CPU = Release|Any CPU
	EndGlobalSection
	GlobalSection(ProjectConfigurationPlatforms) = postSolution
		{E45F2675-E2B9-4989-A6A6-EC421A0D69C8}.Debug|Any CPU.ActiveCfg = Debug|Any CPU
		{E45F2675-E2B9-4989-A6A6-EC421A0D69C8}.Debug|Any CPU.Build.0 = Debug|Any CPU
		{E45F2675-E2B9-4989-A6A6-EC421A0D69C8}.Release|Any CPU.ActiveCfg = Release|Any CPU
		{E45F2675-E2B9-4989-A6A6-EC421A0D69C8}.Release|Any CPU.Build.0 = Release|Any CPU
	EndGlobalSection
	GlobalSection(SolutionProperties) = preSolution
		HideSolutionNode = FALSE
	EndGlobalSection
	GlobalSection(ExtensibilityGlobals) = postSolution
		SolutionGuid = {5A9A591B-37DC-4E67-A587-288309ABF246}
	EndGlobalSection
EndGlobal
