
Microsoft Visual Studio Solution File, Format Version 12.00
# Visual Studio Version 16
VisualStudioVersion = 16.0.29009.5
MinimumVisualStudioVersion = 10.0.40219.1
Project("{FAE04EC0-301F-11D3-BF4B-00C04F79EFBC}") = "Course", "Course\Course.csproj", "{55F196A9-3090-492C-BECD-24E194BB2924}"
EndProject
Global
	GlobalSection(SolutionConfigurationPlatforms) = preSolution
		Debug|Any CPU = Debug|Any CPU
		Release|Any CPU = Release|Any CPU
	EndGlobalSection
	GlobalSection(ProjectConfigurationPlatforms) = postSolution
		{55F196A9-3090-492C-BECD-24E194BB2924}.Debug|Any CPU.ActiveCfg = Debug|Any CPU
		{55F196A9-3090-492C-BECD-24E194BB2924}.Debug|Any CPU.Build.0 = Debug|Any CPU
		{55F196A9-3090-492C-BECD-24E194BB2924}.Release|Any CPU.ActiveCfg = Release|Any CPU
		{55F196A9-3090-492C-BECD-24E194BB2924}.Release|Any CPU.Build.0 = Release|Any CPU
	EndGlobalSection
	GlobalSection(SolutionProperties) = preSolution
		HideSolutionNode = FALSE
	EndGlobalSection
	GlobalSection(ExtensibilityGlobals) = postSolution
		SolutionGuid = {D12F96BF-D892-4626-8FA6-8F6B7286F86B}
	EndGlobalSection
EndGlobal
